// !$*UTF8*$!
{
	archiveVersion = 1;
	classes = {
	};
	objectVersion = 77;
	objects = {

/* Begin PBXBuildFile section */
		89002AF22FC8A2B800ED57FE /* KeyboardExtension.appex in Embed Foundation Extensions */ = {isa = PBXBuildFile; fileRef = 89002AEB2FC8A2B800ED57FE /* KeyboardExtension.appex */; settings = {ATTRIBUTES = (RemoveHeadersOnCopy, ); }; };
		89002B132FD469C400ED57FE /* Language.swift in Sources */ = {isa = PBXBuildFile; fileRef = 89002B122FD469C400ED57FE /* Language.swift */; };
		89328BE02FC86BBF005EA87B /* AppDelegate.swift in Sources */ = {isa = PBXBuildFile; fileRef = 89328BD62FC86BBF005EA87B /* AppDelegate.swift */; };
		89328BE12FC86BBF005EA87B /* SceneDelegate.swift in Sources */ = {isa = PBXBuildFile; fileRef = 89328BDD2FC86BBF005EA87B /* SceneDelegate.swift */; };
		89328BE22FC86BBF005EA87B /* ViewController.swift in Sources */ = {isa = PBXBuildFile; fileRef = 89328BDE2FC86BBF005EA87B /* ViewController.swift */; };
		89328BE32FC86BBF005EA87B /* Assets.xcassets in Resources */ = {isa = PBXBuildFile; fileRef = 89328BD72FC86BBF005EA87B /* Assets.xcassets */; };
		89328BE52FC86BBF005EA87B /* LaunchScreen.storyboard in Resources */ = {isa = PBXBuildFile; fileRef = 89328BDA2FC86BBF005EA87B /* LaunchScreen.storyboard */; };
		89328BE62FC86BBF005EA87B /* Main.storyboard in Resources */ = {isa = PBXBuildFile; fileRef = 89328BDC2FC86BBF005EA87B /* Main.storyboard */; };
/* End PBXBuildFile section */

/* Begin PBXContainerItemProxy section */
		89002AF02FC8A2B800ED57FE /* PBXContainerItemProxy */ = {
			isa = PBXContainerItemProxy;
			containerPortal = 89328BA62FC6FDDA005EA87B /* Project object */;
			proxyType = 1;
			remoteGlobalIDString = 89002AEA2FC8A2B800ED57FE;
			remoteInfo = KeyboardExtension;
		};
/* End PBXContainerItemProxy section */

/* Begin PBXCopyFilesBuildPhase section */
		89002AF72FC8A2B800ED57FE /* Embed Foundation Extensions */ = {
			isa = PBXCopyFilesBuildPhase;
			buildActionMask = 2147483647;
			dstPath = "";
			dstSubfolderSpec = 13;
			files = (
				89002AF22FC8A2B800ED57FE /* KeyboardExtension.appex in Embed Foundation Extensions */,
			);
			name = "Embed Foundation Extensions";
			runOnlyForDeploymentPostprocessing = 0;
		};
/* End PBXCopyFilesBuildPhase section */

/* Begin PBXFileReference section */
		89002AEB2FC8A2B800ED57FE /* KeyboardExtension.appex */ = {isa = PBXFileReference; explicitFileType = "wrapper.app-extension"; includeInIndex = 0; path = KeyboardExtension.appex; sourceTree = BUILT_PRODUCTS_DIR; };
		89002B122FD469C400ED57FE /* Language.swift */ = {isa = PBXFileReference; lastKnownFileType = sourcecode.swift; path = Language.swift; sourceTree = "<group>"; };
		89328BAE2FC6FDDA005EA87B /* TranslatorKeyboard.app */ = {isa = PBXFileReference; explicitFileType = wrapper.application; includeInIndex = 0; path = TranslatorKeyboard.app; sourceTree = BUILT_PRODUCTS_DIR; };
		89328BD62FC86BBF005EA87B /* AppDelegate.swift */ = {isa = PBXFileReference; lastKnownFileType = sourcecode.swift; path = AppDelegate.swift; sourceTree = "<group>"; };
		89328BD72FC86BBF005EA87B /* Assets.xcassets */ = {isa = PBXFileReference; lastKnownFileType = folder.assetcatalog; path = Assets.xcassets; sourceTree = "<group>"; };
		89328BD82FC86BBF005EA87B /* Info.plist */ = {isa = PBXFileReference; lastKnownFileType = text.plist.xml; path = Info.plist; sourceTree = "<group>"; };
		89328BD92FC86BBF005EA87B /* Base */ = {isa = PBXFileReference; lastKnownFileType = file.storyboard; name = Base; path = Base.lproj/LaunchScreen.storyboard; sourceTree = "<group>"; };
		89328BDB2FC86BBF005EA87B /* Base */ = {isa = PBXFileReference; lastKnownFileType = file.storyboard; name = Base; path = Base.lproj/Main.storyboard; sourceTree = "<group>"; };
		89328BDD2FC86BBF005EA87B /* SceneDelegate.swift */ = {isa = PBXFileReference; lastKnownFileType = sourcecode.swift; path = SceneDelegate.swift; sourceTree = "<group>"; };
		89328BDE2FC86BBF005EA87B /* ViewController.swift */ = {isa = PBXFileReference; lastKnownFileType = sourcecode.swift; path = ViewController.swift; sourceTree = "<group>"; };
		89328BE72FC870A0005EA87B /* CLAUDE.md */ = {isa = PBXFileReference; lastKnownFileType = net.daringfireball.markdown; path = CLAUDE.md; sourceTree = "<group>"; };
/* End PBXFileReference section */

/* Begin PBXFileSystemSynchronizedBuildFileExceptionSet section */
		89002AF32FC8A2B800ED57FE /* Exceptions for "KeyboardExtension" folder in "KeyboardExtension" target */ = {
			isa = PBXFileSystemSynchronizedBuildFileExceptionSet;
			membershipExceptions = (
				Info.plist,
			);
			target = 89002AEA2FC8A2B800ED57FE /* KeyboardExtension */;
		};
/* End PBXFileSystemSynchronizedBuildFileExceptionSet section */

/* Begin PBXFileSystemSynchronizedRootGroup section */
		89002AEC2FC8A2B800ED57FE /* KeyboardExtension */ = {
			isa = PBXFileSystemSynchronizedRootGroup;
			exceptions = (
				89002AF32FC8A2B800ED57FE /* Exceptions for "KeyboardExtension" folder in "KeyboardExtension" target */,
			);
			path = KeyboardExtension;
			sourceTree = "<group>";
		};
/* End PBXFileSystemSynchronizedRootGroup section */

/* Begin PBXFrameworksBuildPhase section */
		89002AE82FC8A2B800ED57FE /* Frameworks */ = {
			isa = PBXFrameworksBuildPhase;
			buildActionMask = 2147483647;
			files = (
			);
			runOnlyForDeploymentPostprocessing = 0;
		};
		89328BAB2FC6FDDA005EA87B /* Frameworks */ = {
			isa = PBXFrameworksBuildPhase;
			buildActionMask = 2147483647;
			files = (
			);
			runOnlyForDeploymentPostprocessing = 0;
		};
/* End PBXFrameworksBuildPhase section */

/* Begin PBXGroup section */
		89328BA52FC6FDDA005EA87B = {
			isa = PBXGroup;
			children = (
				89328BE72FC870A0005EA87B /* CLAUDE.md */,
				89328BDF2FC86BBF005EA87B /* TranslatorKeyboard */,
				89002AEC2FC8A2B800ED57FE /* KeyboardExtension */,
				89328BAF2FC6FDDA005EA87B /* Products */,
				89002B122FD469C400ED57FE /* Language.swift */,
			);
			sourceTree = "<group>";
		};
		89328BAF2FC6FDDA005EA87B /* Products */ = {
			isa = PBXGroup;
			children = (
				89328BAE2FC6FDDA005EA87B /* TranslatorKeyboard.app */,
				89002AEB2FC8A2B800ED57FE /* KeyboardExtension.appex */,
			);
			name = Products;
			sourceTree = "<group>";
		};
		89328BDF2FC86BBF005EA87B /* TranslatorKeyboard */ = {
			isa = PBXGroup;
			children = (
				89328BD62FC86BBF005EA87B /* AppDelegate.swift */,
				89328BD72FC86BBF005EA87B /* Assets.xcassets */,
				89328BD82FC86BBF005EA87B /* Info.plist */,
				89328BDA2FC86BBF005EA87B /* LaunchScreen.storyboard */,
				89328BDC2FC86BBF005EA87B /* Main.storyboard */,
				89328BDD2FC86BBF005EA87B /* SceneDelegate.swift */,
				89328BDE2FC86BBF005EA87B /* ViewController.swift */,
			);
			path = TranslatorKeyboard;
			sourceTree = "<group>";
		};
/* End PBXGroup section */

/* Begin PBXNativeTarget section */
		89002AEA2FC8A2B800ED57FE /* KeyboardExtension */ = {
			isa = PBXNativeTarget;
			buildConfigurationList = 89002AF42FC8A2B800ED57FE /* Build configuration list for PBXNativeTarget "KeyboardExtension" */;
			buildPhases = (
				89002AE72FC8A2B800ED57FE /* Sources */,
				89002AE82FC8A2B800ED57FE /* Frameworks */,
				89002AE92FC8A2B800ED57FE /* Resources */,
			);
			buildRules = (
			);
			dependencies = (
			);
			fileSystemSynchronizedGroups = (
				89002AEC2FC8A2B800ED57FE /* KeyboardExtension */,
			);
			name = KeyboardExtension;
			packageProductDependencies = (
			);
			productName = KeyboardExtension;
			productReference = 89002AEB2FC8A2B800ED57FE /* KeyboardExtension.appex */;
			productType = "com.apple.product-type.app-extension";
		};
		89328BAD2FC6FDDA005EA87B /* TranslatorKeyboard */ = {
			isa = PBXNativeTarget;
			buildConfigurationList = 89328BC12FC6FDDB005EA87B /* Build configuration list for PBXNativeTarget "TranslatorKeyboard" */;
			buildPhases = (
				89328BAA2FC6FDDA005EA87B /* Sources */,
				89328BAB2FC6FDDA005EA87B /* Frameworks */,
				89328BAC2FC6FDDA005EA87B /* Resources */,
				89002AF72FC8A2B800ED57FE /* Embed Foundation Extensions */,
			);
			buildRules = (
			);
			dependencies = (
				89002AF12FC8A2B800ED57FE /* PBXTargetDependency */,
			);
			name = TranslatorKeyboard;
			packageProductDependencies = (
			);
			productName = TranslatorKeyboard;
			productReference = 89328BAE2FC6FDDA005EA87B /* TranslatorKeyboard.app */;
			productType = "com.apple.product-type.application";
		};
/* End PBXNativeTarget section */

/* Begin PBXProject section */
		89328BA62FC6FDDA005EA87B /* Project object */ = {
			isa = PBXProject;
			attributes = {
				BuildIndependentTargetsInParallel = 1;
				LastSwiftUpdateCheck = 2620;
				LastUpgradeCheck = 2620;
				TargetAttributes = {
					89002AEA2FC8A2B800ED57FE = {
						CreatedOnToolsVersion = 26.2;
					};
					89328BAD2FC6FDDA005EA87B = {
						CreatedOnToolsVersion = 26.2;
					};
				};
			};
			buildConfigurationList = 89328BA92FC6FDDA005EA87B /* Build configuration list for PBXProject "TranslatorKeyboard" */;
			developmentRegion = en;
			hasScannedForEncodings = 0;
			knownRegions = (
				en,
				Base,
			);
			mainGroup = 89328BA52FC6FDDA005EA87B;
			minimizedProjectReferenceProxies = 1;
			preferredProjectObjectVersion = 77;
			productRefGroup = 89328BAF2FC6FDDA005EA87B /* Products */;
			projectDirPath = "";
			projectRoot = "";
			targets = (
				89328BAD2FC6FDDA005EA87B /* TranslatorKeyboard */,
				89002AEA2FC8A2B800ED57FE /* KeyboardExtension */,
			);
		};
/* End PBXProject section */

/* Begin PBXResourcesBuildPhase section */
		89002AE92FC8A2B800ED57FE /* Resources */ = {
			isa = PBXResourcesBuildPhase;
			buildActionMask = 2147483647;
			files = (
			);
			runOnlyForDeploymentPostprocessing = 0;
		};
		89328BAC2FC6FDDA005EA87B /* Resources */ = {
			isa = PBXResourcesBuildPhase;
			buildActionMask = 2147483647;
			files = (
				89328BE32FC86BBF005EA87B /* Assets.xcassets in Resources */,
				89328BE52FC86BBF005EA87B /* LaunchScreen.storyboard in Resources */,
				89328BE62FC86BBF005EA87B /* Main.storyboard in Resources */,
			);
			runOnlyForDeploymentPostprocessing = 0;
		};
/* End PBXResourcesBuildPhase section */

/* Begin PBXSourcesBuildPhase section */
		89002AE72FC8A2B800ED57FE /* Sources */ = {
			isa = PBXSourcesBuildPhase;
			buildActionMask = 2147483647;
			files = (
				89002B132FD469C400ED57FE /* Language.swift in Sources */,
			);
			runOnlyForDeploymentPostprocessing = 0;
		};
		89328BAA2FC6FDDA005EA87B /* Sources */ = {
			isa = PBXSourcesBuildPhase;
			buildActionMask = 2147483647;
			files = (
				89328BE02FC86BBF005EA87B /* AppDelegate.swift in Sources */,
				89328BE12FC86BBF005EA87B /* SceneDelegate.swift in Sources */,
				89328BE22FC86BBF005EA87B /* ViewController.swift in Sources */,
			);
			runOnlyForDeploymentPostprocessing = 0;
		};
/* End PBXSourcesBuildPhase section */

/* Begin PBXTargetDependency section */
		89002AF12FC8A2B800ED57FE /* PBXTargetDependency */ = {
			isa = PBXTargetDependency;
			target = 89002AEA2FC8A2B800ED57FE /* KeyboardExtension */;
			targetProxy = 89002AF02FC8A2B800ED57FE /* PBXContainerItemProxy */;
		};
/* End PBXTargetDependency section */

/* Begin PBXVariantGroup section */
		89328BDA2FC86BBF005EA87B /* LaunchScreen.storyboard */ = {
			isa = PBXVariantGroup;
			children = (
				89328BD92FC86BBF005EA87B /* Base */,
			);
			name = LaunchScreen.storyboard;
			sourceTree = "<group>";
		};
		89328BDC2FC86BBF005EA87B /* Main.storyboard */ = {
			isa = PBXVariantGroup;
			children = (
				89328BDB2FC86BBF005EA87B /* Base */,
			);
			name = Main.storyboard;
			sourceTree = "<group>";
		};
/* End PBXVariantGroup section */

/* Begin XCBuildConfiguration section */
		89002AF52FC8A2B800ED57FE /* Debug */ = {
			isa = XCBuildConfiguration;
			buildSettings = {
				CODE_SIGN_STYLE = Automatic;
				CURRENT_PROJECT_VERSION = 1;
				DEVELOPMENT_TEAM = K4Y3BP25BV;
				GENERATE_INFOPLIST_FILE = YES;
				INFOPLIST_FILE = KeyboardExtension/Info.plist;
				INFOPLIST_KEY_CFBundleDisplayName = KeyboardExtension;
				INFOPLIST_KEY_NSHumanReadableCopyright = "";
				LD_RUNPATH_SEARCH_PATHS = (
					"$(inherited)",
					"@executable_path/Frameworks",
					"@executable_path/../../Frameworks",
				);
				MARKETING_VERSION = 1.0;
				PRODUCT_BUNDLE_IDENTIFIER = com.jang.TranslatorKeyboard.KeyboardExtension;
				PRODUCT_NAME = "$(TARGET_NAME)";
				SKIP_INSTALL = YES;
				STRING_CATALOG_GENERATE_SYMBOLS = YES;
				SWIFT_APPROACHABLE_CONCURRENCY = YES;
				SWIFT_EMIT_LOC_STRINGS = YES;
				SWIFT_UPCOMING_FEATURE_MEMBER_IMPORT_VISIBILITY = YES;
				SWIFT_VERSION = 5.0;
				TARGETED_DEVICE_FAMILY = "1,2";
			};
			name = Debug;
		};
		89002AF62FC8A2B800ED57FE /* Release */ = {
			isa = XCBuildConfiguration;
			buildSettings = {
				CODE_SIGN_STYLE = Automatic;
				CURRENT_PROJECT_VERSION = 1;
				DEVELOPMENT_TEAM = K4Y3BP25BV;
				GENERATE_INFOPLIST_FILE = YES;
				INFOPLIST_FILE = KeyboardExtension/Info.plist;
				INFOPLIST_KEY_CFBundleDisplayName = KeyboardExtension;
				INFOPLIST_KEY_NSHumanReadableCopyright = "";
				LD_RUNPATH_SEARCH_PATHS = (
					"$(inherited)",
					"@executable_path/Frameworks",
					"@executable_path/../../Frameworks",
				);
				MARKETING_VERSION = 1.0;
				PRODUCT_BUNDLE_IDENTIFIER = com.jang.TranslatorKeyboard.KeyboardExtension;
				PRODUCT_NAME = "$(TARGET_NAME)";
				SKIP_INSTALL = YES;
				STRING_CATALOG_GENERATE_SYMBOLS = YES;
				SWIFT_APPROACHABLE_CONCURRENCY = YES;
				SWIFT_EMIT_LOC_STRINGS = YES;
				SWIFT_UPCOMING_FEATURE_MEMBER_IMPORT_VISIBILITY = YES;
				SWIFT_VERSION = 5.0;
				TARGETED_DEVICE_FAMILY = "1,2";
			};
			name = Release;
		};
		89328BC22FC6FDDB005EA87B /* Debug */ = {
			isa = XCBuildConfiguration;
			buildSettings = {
				ASSETCATALOG_COMPILER_APPICON_NAME = AppIcon;
				ASSETCATALOG_COMPILER_GLOBAL_ACCENT_COLOR_NAME = AccentColor;
				CODE_SIGN_STYLE = Automatic;
				CURRENT_PROJECT_VERSION = 1;
				DEVELOPMENT_TEAM = K4Y3BP25BV;
				GENERATE_INFOPLIST_FILE = YES;
				INFOPLIST_FILE = TranslatorKeyboard/Info.plist;
				INFOPLIST_KEY_UIApplicationSupportsIndirectInputEvents = YES;
				INFOPLIST_KEY_UILaunchStoryboardName = LaunchScreen;
				INFOPLIST_KEY_UIMainStoryboardFile = Main;
				INFOPLIST_KEY_UISupportedInterfaceOrientations_iPad = "UIInterfaceOrientationPortrait UIInterfaceOrientationPortraitUpsideDown UIInterfaceOrientationLandscapeLeft UIInterfaceOrientationLandscapeRight";
				INFOPLIST_KEY_UISupportedInterfaceOrientations_iPhone = "UIInterfaceOrientationPortrait UIInterfaceOrientationLandscapeLeft UIInterfaceOrientationLandscapeRight";
				IPHONEOS_DEPLOYMENT_TARGET = 18.6;
				LD_RUNPATH_SEARCH_PATHS = (
					"$(inherited)",
					"@executable_path/Frameworks",
				);
				MARKETING_VERSION = 1.0;
				PRODUCT_BUNDLE_IDENTIFIER = com.jang.TranslatorKeyboard;
				PRODUCT_NAME = "$(TARGET_NAME)";
				STRING_CATALOG_GENERATE_SYMBOLS = YES;
				SUPPORTED_PLATFORMS = "iphoneos iphonesimulator";
				SUPPORTS_MACCATALYST = NO;
				SUPPORTS_MAC_DESIGNED_FOR_IPHONE_IPAD = NO;
				SUPPORTS_XR_DESIGNED_FOR_IPHONE_IPAD = NO;
				SWIFT_APPROACHABLE_CONCURRENCY = YES;
				SWIFT_DEFAULT_ACTOR_ISOLATION = MainActor;
				SWIFT_EMIT_LOC_STRINGS = YES;
				SWIFT_UPCOMING_FEATURE_MEMBER_IMPORT_VISIBILITY = YES;
				SWIFT_VERSION = 5.0;
				TARGETED_DEVICE_FAMILY = 1;
			};
			name = Debug;
		};
		89328BC32FC6FDDB005EA87B /* Release */ = {
			isa = XCBuildConfiguration;
			buildSettings = {
				ASSETCATALOG_COMPILER_APPICON_NAME = AppIcon;
				ASSETCATALOG_COMPILER_GLOBAL_ACCENT_COLOR_NAME = AccentColor;
				CODE_SIGN_STYLE = Automatic;
				CURRENT_PROJECT_VERSION = 1;
				DEVELOPMENT_TEAM = K4Y3BP25BV;
				GENERATE_INFOPLIST_FILE = YES;
				INFOPLIST_FILE = TranslatorKeyboard/Info.plist;
				INFOPLIST_KEY_UIApplicationSupportsIndirectInputEvents = YES;
				INFOPLIST_KEY_UILaunchStoryboardName = LaunchScreen;
				INFOPLIST_KEY_UIMainStoryboardFile = Main;
				INFOPLIST_KEY_UISupportedInterfaceOrientations_iPad = "UIInterfaceOrientationPortrait UIInterfaceOrientationPortraitUpsideDown UIInterfaceOrientationLandscapeLeft UIInterfaceOrientationLandscapeRight";
				INFOPLIST_KEY_UISupportedInterfaceOrientations_iPhone = "UIInterfaceOrientationPortrait UIInterfaceOrientationLandscapeLeft UIInterfaceOrientationLandscapeRight";
				IPHONEOS_DEPLOYMENT_TARGET = 18.6;
				LD_RUNPATH_SEARCH_PATHS = (
					"$(inherited)",
					"@executable_path/Frameworks",
				);
				MARKETING_VERSION = 1.0;
				PRODUCT_BUNDLE_IDENTIFIER = com.jang.TranslatorKeyboard;
				PRODUCT_NAME = "$(TARGET_NAME)";
				STRING_CATALOG_GENERATE_SYMBOLS = YES;
				SUPPORTED_PLATFORMS = "iphoneos iphonesimulator";
				SUPPORTS_MACCATALYST = NO;
				SUPPORTS_MAC_DESIGNED_FOR_IPHONE_IPAD = NO;
				SUPPORTS_XR_DESIGNED_FOR_IPHONE_IPAD = NO;
				SWIFT_APPROACHABLE_CONCURRENCY = YES;
				SWIFT_DEFAULT_ACTOR_ISOLATION = MainActor;
				SWIFT_EMIT_LOC_STRINGS = YES;
				SWIFT_UPCOMING_FEATURE_MEMBER_IMPORT_VISIBILITY = YES;
				SWIFT_VERSION = 5.0;
				TARGETED_DEVICE_FAMILY = 1;
			};
			name = Release;
		};
		89328BC42FC6FDDB005EA87B /* Debug */ = {
			isa = XCBuildConfiguration;
			buildSettings = {
				ALWAYS_SEARCH_USER_PATHS = NO;
				ASSETCATALOG_COMPILER_GENERATE_SWIFT_ASSET_SYMBOL_EXTENSIONS = YES;
				CLANG_ANALYZER_NONNULL = YES;
				CLANG_ANALYZER_NUMBER_OBJECT_CONVERSION = YES_AGGRESSIVE;
				CLANG_CXX_LANGUAGE_STANDARD = "gnu++20";
				CLANG_ENABLE_MODULES = YES;
				CLANG_ENABLE_OBJC_ARC = YES;
				CLANG_ENABLE_OBJC_WEAK = YES;
				CLANG_WARN_BLOCK_CAPTURE_AUTORELEASING = YES;
				CLANG_WARN_BOOL_CONVERSION = YES;
				CLANG_WARN_COMMA = YES;
				CLANG_WARN_CONSTANT_CONVERSION = YES;
				CLANG_WARN_DEPRECATED_OBJC_IMPLEMENTATIONS = YES;
				CLANG_WARN_DIRECT_OBJC_ISA_USAGE = YES_ERROR;
				CLANG_WARN_DOCUMENTATION_COMMENTS = YES;
				CLANG_WARN_EMPTY_BODY = YES;
				CLANG_WARN_ENUM_CONVERSION = YES;
				CLANG_WARN_INFINITE_RECURSION = YES;
				CLANG_WARN_INT_CONVERSION = YES;
				CLANG_WARN_NON_LITERAL_NULL_CONVERSION = YES;
				CLANG_WARN_OBJC_IMPLICIT_RETAIN_SELF = YES;
				CLANG_WARN_OBJC_LITERAL_CONVERSION = YES;
				CLANG_WARN_OBJC_ROOT_CLASS = YES_ERROR;
				CLANG_WARN_QUOTED_INCLUDE_IN_FRAMEWORK_HEADER = YES;
				CLANG_WARN_RANGE_LOOP_ANALYSIS = YES;
				CLANG_WARN_STRICT_PROTOTYPES = YES;
				CLANG_WARN_SUSPICIOUS_MOVE = YES;
				CLANG_WARN_UNGUARDED_AVAILABILITY = YES_AGGRESSIVE;
				CLANG_WARN_UNREACHABLE_CODE = YES;
				CLANG_WARN__DUPLICATE_METHOD_MATCH = YES;
				COPY_PHASE_STRIP = NO;
				DEBUG_INFORMATION_FORMAT = dwarf;
				ENABLE_STRICT_OBJC_MSGSEND = YES;
				ENABLE_TESTABILITY = YES;
				ENABLE_USER_SCRIPT_SANDBOXING = YES;
				GCC_C_LANGUAGE_STANDARD = gnu17;
				GCC_DYNAMIC_NO_PIC = NO;
				GCC_NO_COMMON_BLOCKS = YES;
				GCC_OPTIMIZATION_LEVEL = 0;
				GCC_PREPROCESSOR_DEFINITIONS = (
					"DEBUG=1",
					"$(inherited)",
				);
				GCC_WARN_64_TO_32_BIT_CONVERSION = YES;
				GCC_WARN_ABOUT_RETURN_TYPE = YES_ERROR;
				GCC_WARN_UNDECLARED_SELECTOR = YES;
				GCC_WARN_UNINITIALIZED_AUTOS = YES_AGGRESSIVE;
				GCC_WARN_UNUSED_FUNCTION = YES;
				GCC_WARN_UNUSED_VARIABLE = YES;
				IPHONEOS_DEPLOYMENT_TARGET = 26.2;
				LOCALIZATION_PREFERS_STRING_CATALOGS = YES;
				MTL_ENABLE_DEBUG_INFO = INCLUDE_SOURCE;
				MTL_FAST_MATH = YES;
				ONLY_ACTIVE_ARCH = YES;
				SDKROOT = iphoneos;
				SWIFT_ACTIVE_COMPILATION_CONDITIONS = "DEBUG $(inherited)";
				SWIFT_OPTIMIZATION_LEVEL = "-Onone";
			};
			name = Debug;
		};
		89328BC52FC6FDDB005EA87B /* Release */ = {
			isa = XCBuildConfiguration;
			buildSettings = {
				ALWAYS_SEARCH_USER_PATHS = NO;
				ASSETCATALOG_COMPILER_GENERATE_SWIFT_ASSET_SYMBOL_EXTENSIONS = YES;
				CLANG_ANALYZER_NONNULL = YES;
				CLANG_ANALYZER_NUMBER_OBJECT_CONVERSION = YES_AGGRESSIVE;
				CLANG_CXX_LANGUAGE_STANDARD = "gnu++20";
				CLANG_ENABLE_MODULES = YES;
				CLANG_ENABLE_OBJC_ARC = YES;
				CLANG_ENABLE_OBJC_WEAK = YES;
				CLANG_WARN_BLOCK_CAPTURE_AUTORELEASING = YES;
				CLANG_WARN_BOOL_CONVERSION = YES;
				CLANG_WARN_COMMA = YES;
				CLANG_WARN_CONSTANT_CONVERSION = YES;
				CLANG_WARN_DEPRECATED_OBJC_IMPLEMENTATIONS = YES;
				CLANG_WARN_DIRECT_OBJC_ISA_USAGE = YES_ERROR;
				CLANG_WARN_DOCUMENTATION_COMMENTS = YES;
				CLANG_WARN_EMPTY_BODY = YES;
				CLANG_WARN_ENUM_CONVERSION = YES;
				CLANG_WARN_INFINITE_RECURSION = YES;
				CLANG_WARN_INT_CONVERSION = YES;
				CLANG_WARN_NON_LITERAL_NULL_CONVERSION = YES;
				CLANG_WARN_OBJC_IMPLICIT_RETAIN_SELF = YES;
				CLANG_WARN_OBJC_LITERAL_CONVERSION = YES;
				CLANG_WARN_OBJC_ROOT_CLASS = YES_ERROR;
				CLANG_WARN_QUOTED_INCLUDE_IN_FRAMEWORK_HEADER = YES;
				CLANG_WARN_RANGE_LOOP_ANALYSIS = YES;
				CLANG_WARN_STRICT_PROTOTYPES = YES;
				CLANG_WARN_SUSPICIOUS_MOVE = YES;
				CLANG_WARN_UNGUARDED_AVAILABILITY = YES_AGGRESSIVE;
				CLANG_WARN_UNREACHABLE_CODE = YES;
				CLANG_WARN__DUPLICATE_METHOD_MATCH = YES;
				COPY_PHASE_STRIP = NO;
				DEBUG_INFORMATION_FORMAT = "dwarf-with-dsym";
				ENABLE_NS_ASSERTIONS = NO;
				ENABLE_STRICT_OBJC_MSGSEND = YES;
				ENABLE_USER_SCRIPT_SANDBOXING = YES;
				GCC_C_LANGUAGE_STANDARD = gnu17;
				GCC_NO_COMMON_BLOCKS = YES;
				GCC_WARN_64_TO_32_BIT_CONVERSION = YES;
				GCC_WARN_ABOUT_RETURN_TYPE = YES_ERROR;
				GCC_WARN_UNDECLARED_SELECTOR = YES;
				GCC_WARN_UNINITIALIZED_AUTOS = YES_AGGRESSIVE;
				GCC_WARN_UNUSED_FUNCTION = YES;
				GCC_WARN_UNUSED_VARIABLE = YES;
				IPHONEOS_DEPLOYMENT_TARGET = 26.2;
				LOCALIZATION_PREFERS_STRING_CATALOGS = YES;
				MTL_ENABLE_DEBUG_INFO = NO;
				MTL_FAST_MATH = YES;
				SDKROOT = iphoneos;
				SWIFT_COMPILATION_MODE = wholemodule;
				VALIDATE_PRODUCT = YES;
			};
			name = Release;
		};
/* End XCBuildConfiguration section */

/* Begin XCConfigurationList section */
		89002AF42FC8A2B800ED57FE /* Build configuration list for PBXNativeTarget "KeyboardExtension" */ = {
			isa = XCConfigurationList;
			buildConfigurations = (
				89002AF52FC8A2B800ED57FE /* Debug */,
				89002AF62FC8A2B800ED57FE /* Release */,
			);
			defaultConfigurationIsVisible = 0;
			defaultConfigurationName = Release;
		};
		89328BA92FC6FDDA005EA87B /* Build configuration list for PBXProject "TranslatorKeyboard" */ = {
			isa = XCConfigurationList;
			buildConfigurations = (
				89328BC42FC6FDDB005EA87B /* Debug */,
				89328BC52FC6FDDB005EA87B /* Release */,
			);
			defaultConfigurationIsVisible = 0;
			defaultConfigurationName = Release;
		};
		89328BC12FC6FDDB005EA87B /* Build configuration list for PBXNativeTarget "TranslatorKeyboard" */ = {
			isa = XCConfigurationList;
			buildConfigurations = (
				89328BC22FC6FDDB005EA87B /* Debug */,
				89328BC32FC6FDDB005EA87B /* Release */,
			);
			defaultConfigurationIsVisible = 0;
			defaultConfigurationName = Release;
		};
/* End XCConfigurationList section */
	};
	rootObject = 89328BA62FC6FDDA005EA87B /* Project object */;
}
